
Microsoft Visual Studio Solution File, Format Version 12.00
# Visual Studio Version 17
VisualStudioVersion = 17.13.35931.197
MinimumVisualStudioVersion = 10.0.40219.1
Project("{FAE04EC0-301F-11D3-BF4B-00C04F79EFBC}") = "Ranalo", "Ranalo\Ranalo.csproj", "{413FE523-6D1E-4B29-8374-5BD17A06CC80}"
EndProject
Project("{FAE04EC0-301F-11D3-BF4B-00C04F79EFBC}") = "Ranalo.Woocommece.Api", "Ranalo.Woocommece.Api\Ranalo.Woocommece.Api.csproj", "{A89A918F-C0B0-4FDC-8B57-6D4E72924085}"
EndProject
Global
	GlobalSection(SolutionConfigurationPlatforms) = preSolution
		Debug|Any CPU = Debug|Any CPU
		Release|Any CPU = Release|Any CPU
	EndGlobalSection
	GlobalSection(ProjectConfigurationPlatforms) = postSolution
		{413FE523-6D1E-4B29-8374-5BD17A06CC80}.Debug|Any CPU.ActiveCfg = Debug|Any CPU
		{413FE523-6D1E-4B29-8374-5BD17A06CC80}.Debug|Any CPU.Build.0 = Debug|Any CPU
		{413FE523-6D1E-4B29-8374-5BD17A06CC80}.Release|Any CPU.ActiveCfg = Release|Any CPU
		{413FE523-6D1E-4B29-8374-5BD17A06CC80}.Release|Any CPU.Build.0 = Release|Any CPU
		{A89A918F-C0B0-4FDC-8B57-6D4E72924085}.Debug|Any CPU.ActiveCfg = Debug|Any CPU
		{A89A918F-C0B0-4FDC-8B57-6D4E72924085}.Debug|Any CPU.Build.0 = Debug|Any CPU
		{A89A918F-C0B0-4FDC-8B57-6D4E72924085}.Release|Any CPU.ActiveCfg = Release|Any CPU
		{A89A918F-C0B0-4FDC-8B57-6D4E72924085}.Release|Any CPU.Build.0 = Release|Any CPU
	EndGlobalSection
	GlobalSection(SolutionProperties) = preSolution
		HideSolutionNode = FALSE
	EndGlobalSection
	GlobalSection(ExtensibilityGlobals) = postSolution
		SolutionGuid = {51B5C8E2-6D64-45A8-9105-AB73A29F9150}
	EndGlobalSection
EndGlobal
